// !$*UTF8*$!
{
	archiveVersion = 1;
	classes = {
	};
	objectVersion = 50;
	objects = {

/* Begin PBXBuildFile section */
		4605AF5C2483200F0084579E /* AppDelegate.swift in Sources */ = {isa = PBXBuildFile; fileRef = 4605AF5B2483200F0084579E /* AppDelegate.swift */; };
		4605AF5E2483200F0084579E /* SceneDelegate.swift in Sources */ = {isa = PBXBuildFile; fileRef = 4605AF5D2483200F0084579E /* SceneDelegate.swift */; };
		4605AF612483200F0084579E /* IOSExample.xcdatamodeld in Sources */ = {isa = PBXBuildFile; fileRef = 4605AF5F2483200F0084579E /* IOSExample.xcdatamodeld */; };
		4605AF632483200F0084579E /* ContentView.swift in Sources */ = {isa = PBXBuildFile; fileRef = 4605AF622483200F0084579E /* ContentView.swift */; };
		4605AF65248320100084579E /* Assets.xcassets in Resources */ = {isa = PBXBuildFile; fileRef = 4605AF64248320100084579E /* Assets.xcassets */; };
		4605AF68248320100084579E /* Preview Assets.xcassets in Resources */ = {isa = PBXBuildFile; fileRef = 4605AF67248320100084579E /* Preview Assets.xcassets */; };
		4605AF6B248320100084579E /* LaunchScreen.storyboard in Resources */ = {isa = PBXBuildFile; fileRef = 4605AF69248320100084579E /* LaunchScreen.storyboard */; };
		4605AF76248320100084579E /* IOSExampleTests.swift in Sources */ = {isa = PBXBuildFile; fileRef = 4605AF75248320100084579E /* IOSExampleTests.swift */; };
		4605AF81248320100084579E /* IOSExampleUITests.swift in Sources */ = {isa = PBXBuildFile; fileRef = 4605AF80248320100084579E /* IOSExampleUITests.swift */; };
		4605AF8F248321570084579E /* ImageLoader.swift in Sources */ = {isa = PBXBuildFile; fileRef = 4605AF8E248321570084579E /* ImageLoader.swift */; };
		4605AF93248324FD0084579E /* Cover.swift in Sources */ = {isa = PBXBuildFile; fileRef = 4605AF92248324FD0084579E /* Cover.swift */; };
		4605AF9524832E500084579E /* Colors.xcassets in Resources */ = {isa = PBXBuildFile; fileRef = 4605AF9424832E500084579E /* Colors.xcassets */; };
		4605AF9924832F010084579E /* ColorManager.swift in Sources */ = {isa = PBXBuildFile; fileRef = 4605AF9824832F010084579E /* ColorManager.swift */; };
		4605AF9B248342D60084579E /* SingleSongView.swift in Sources */ = {isa = PBXBuildFile; fileRef = 4605AF9A248342D60084579E /* SingleSongView.swift */; };
/* End PBXBuildFile section */

/* Begin PBXContainerItemProxy section */
		4605AF72248320100084579E /* PBXContainerItemProxy */ = {
			isa = PBXContainerItemProxy;
			containerPortal = 4605AF502483200F0084579E /* Project object */;
			proxyType = 1;
			remoteGlobalIDString = 4605AF572483200F0084579E;
			remoteInfo = IOSExample;
		};
		4605AF7D248320100084579E /* PBXContainerItemProxy */ = {
			isa = PBXContainerItemProxy;
			containerPortal = 4605AF502483200F0084579E /* Project object */;
			proxyType = 1;
			remoteGlobalIDString = 4605AF572483200F0084579E;
			remoteInfo = IOSExample;
		};
/* End PBXContainerItemProxy section */

/* Begin PBXFileReference section */
		4605AF582483200F0084579E /* IOSExample.app */ = {isa = PBXFileReference; explicitFileType = wrapper.application; includeInIndex = 0; path = IOSExample.app; sourceTree = BUILT_PRODUCTS_DIR; };
		4605AF5B2483200F0084579E /* AppDelegate.swift */ = {isa = PBXFileReference; lastKnownFileType = sourcecode.swift; path = AppDelegate.swift; sourceTree = "<group>"; };
		4605AF5D2483200F0084579E /* SceneDelegate.swift */ = {isa = PBXFileReference; lastKnownFileType = sourcecode.swift; path = SceneDelegate.swift; sourceTree = "<group>"; };
		4605AF602483200F0084579E /* IOSExample.xcdatamodel */ = {isa = PBXFileReference; lastKnownFileType = wrapper.xcdatamodel; path = IOSExample.xcdatamodel; sourceTree = "<group>"; };
		4605AF622483200F0084579E /* ContentView.swift */ = {isa = PBXFileReference; lastKnownFileType = sourcecode.swift; path = ContentView.swift; sourceTree = "<group>"; };
		4605AF64248320100084579E /* Assets.xcassets */ = {isa = PBXFileReference; lastKnownFileType = folder.assetcatalog; path = Assets.xcassets; sourceTree = "<group>"; };
		4605AF67248320100084579E /* Preview Assets.xcassets */ = {isa = PBXFileReference; lastKnownFileType = folder.assetcatalog; path = "Preview Assets.xcassets"; sourceTree = "<group>"; };
		4605AF6A248320100084579E /* Base */ = {isa = PBXFileReference; lastKnownFileType = file.storyboard; name = Base; path = Base.lproj/LaunchScreen.storyboard; sourceTree = "<group>"; };
		4605AF6C248320100084579E /* Info.plist */ = {isa = PBXFileReference; lastKnownFileType = text.plist.xml; path = Info.plist; sourceTree = "<group>"; };
		4605AF71248320100084579E /* IOSExampleTests.xctest */ = {isa = PBXFileReference; explicitFileType = wrapper.cfbundle; includeInIndex = 0; path = IOSExampleTests.xctest; sourceTree = BUILT_PRODUCTS_DIR; };
		4605AF75248320100084579E /* IOSExampleTests.swift */ = {isa = PBXFileReference; lastKnownFileType = sourcecode.swift; path = IOSExampleTests.swift; sourceTree = "<group>"; };
		4605AF77248320100084579E /* Info.plist */ = {isa = PBXFileReference; lastKnownFileType = text.plist.xml; path = Info.plist; sourceTree = "<group>"; };
		4605AF7C248320100084579E /* IOSExampleUITests.xctest */ = {isa = PBXFileReference; explicitFileType = wrapper.cfbundle; includeInIndex = 0; path = IOSExampleUITests.xctest; sourceTree = BUILT_PRODUCTS_DIR; };
		4605AF80248320100084579E /* IOSExampleUITests.swift */ = {isa = PBXFileReference; lastKnownFileType = sourcecode.swift; path = IOSExampleUITests.swift; sourceTree = "<group>"; };
		4605AF82248320100084579E /* Info.plist */ = {isa = PBXFileReference; lastKnownFileType = text.plist.xml; path = Info.plist; sourceTree = "<group>"; };
		4605AF8E248321570084579E /* ImageLoader.swift */ = {isa = PBXFileReference; lastKnownFileType = sourcecode.swift; path = ImageLoader.swift; sourceTree = "<group>"; };
		4605AF92248324FD0084579E /* Cover.swift */ = {isa = PBXFileReference; lastKnownFileType = sourcecode.swift; path = Cover.swift; sourceTree = "<group>"; };
		4605AF9424832E500084579E /* Colors.xcassets */ = {isa = PBXFileReference; lastKnownFileType = folder.assetcatalog; path = Colors.xcassets; sourceTree = "<group>"; };
		4605AF9824832F010084579E /* ColorManager.swift */ = {isa = PBXFileReference; lastKnownFileType = sourcecode.swift; path = ColorManager.swift; sourceTree = "<group>"; };
		4605AF9A248342D60084579E /* SingleSongView.swift */ = {isa = PBXFileReference; lastKnownFileType = sourcecode.swift; path = SingleSongView.swift; sourceTree = "<group>"; };
/* End PBXFileReference section */

/* Begin PBXFrameworksBuildPhase section */
		4605AF552483200F0084579E /* Frameworks */ = {
			isa = PBXFrameworksBuildPhase;
			buildActionMask = 2147483647;
			files = (
			);
			runOnlyForDeploymentPostprocessing = 0;
		};
		4605AF6E248320100084579E /* Frameworks */ = {
			isa = PBXFrameworksBuildPhase;
			buildActionMask = 2147483647;
			files = (
			);
			runOnlyForDeploymentPostprocessing = 0;
		};
		4605AF79248320100084579E /* Frameworks */ = {
			isa = PBXFrameworksBuildPhase;
			buildActionMask = 2147483647;
			files = (
			);
			runOnlyForDeploymentPostprocessing = 0;
		};
/* End PBXFrameworksBuildPhase section */

/* Begin PBXGroup section */
		4605AF4F2483200F0084579E = {
			isa = PBXGroup;
			children = (
				4605AF5A2483200F0084579E /* IOSExample */,
				4605AF74248320100084579E /* IOSExampleTests */,
				4605AF7F248320100084579E /* IOSExampleUITests */,
				4605AF592483200F0084579E /* Products */,
			);
			sourceTree = "<group>";
		};
		4605AF592483200F0084579E /* Products */ = {
			isa = PBXGroup;
			children = (
				4605AF582483200F0084579E /* IOSExample.app */,
				4605AF71248320100084579E /* IOSExampleTests.xctest */,
				4605AF7C248320100084579E /* IOSExampleUITests.xctest */,
			);
			name = Products;
			sourceTree = "<group>";
		};
		4605AF5A2483200F0084579E /* IOSExample */ = {
			isa = PBXGroup;
			children = (
				4605AF8E248321570084579E /* ImageLoader.swift */,
				4605AF5B2483200F0084579E /* AppDelegate.swift */,
				4605AF5D2483200F0084579E /* SceneDelegate.swift */,
				4605AF622483200F0084579E /* ContentView.swift */,
				4605AF64248320100084579E /* Assets.xcassets */,
				4605AF69248320100084579E /* LaunchScreen.storyboard */,
				4605AF6C248320100084579E /* Info.plist */,
				4605AF5F2483200F0084579E /* IOSExample.xcdatamodeld */,
				4605AF66248320100084579E /* Preview Content */,
				4605AF92248324FD0084579E /* Cover.swift */,
				4605AF9424832E500084579E /* Colors.xcassets */,
				4605AF9824832F010084579E /* ColorManager.swift */,
				4605AF9A248342D60084579E /* SingleSongView.swift */,
			);
			path = IOSExample;
			sourceTree = "<group>";
		};
		4605AF66248320100084579E /* Preview Content */ = {
			isa = PBXGroup;
			children = (
				4605AF67248320100084579E /* Preview Assets.xcassets */,
			);
			path = "Preview Content";
			sourceTree = "<group>";
		};
		4605AF74248320100084579E /* IOSExampleTests */ = {
			isa = PBXGroup;
			children = (
				4605AF75248320100084579E /* IOSExampleTests.swift */,
				4605AF77248320100084579E /* Info.plist */,
			);
			path = IOSExampleTests;
			sourceTree = "<group>";
		};
		4605AF7F248320100084579E /* IOSExampleUITests */ = {
			isa = PBXGroup;
			children = (
				4605AF80248320100084579E /* IOSExampleUITests.swift */,
				4605AF82248320100084579E /* Info.plist */,
			);
			path = IOSExampleUITests;
			sourceTree = "<group>";
		};
/* End PBXGroup section */

/* Begin PBXNativeTarget section */
		4605AF572483200F0084579E /* IOSExample */ = {
			isa = PBXNativeTarget;
			buildConfigurationList = 4605AF85248320100084579E /* Build configuration list for PBXNativeTarget "IOSExample" */;
			buildPhases = (
				4605AF542483200F0084579E /* Sources */,
				4605AF552483200F0084579E /* Frameworks */,
				4605AF562483200F0084579E /* Resources */,
			);
			buildRules = (
			);
			dependencies = (
			);
			name = IOSExample;
			productName = IOSExample;
			productReference = 4605AF582483200F0084579E /* IOSExample.app */;
			productType = "com.apple.product-type.application";
		};
		4605AF70248320100084579E /* IOSExampleTests */ = {
			isa = PBXNativeTarget;
			buildConfigurationList = 4605AF88248320100084579E /* Build configuration list for PBXNativeTarget "IOSExampleTests" */;
			buildPhases = (
				4605AF6D248320100084579E /* Sources */,
				4605AF6E248320100084579E /* Frameworks */,
				4605AF6F248320100084579E /* Resources */,
			);
			buildRules = (
			);
			dependencies = (
				4605AF73248320100084579E /* PBXTargetDependency */,
			);
			name = IOSExampleTests;
			productName = IOSExampleTests;
			productReference = 4605AF71248320100084579E /* IOSExampleTests.xctest */;
			productType = "com.apple.product-type.bundle.unit-test";
		};
		4605AF7B248320100084579E /* IOSExampleUITests */ = {
			isa = PBXNativeTarget;
			buildConfigurationList = 4605AF8B248320100084579E /* Build configuration list for PBXNativeTarget "IOSExampleUITests" */;
			buildPhases = (
				4605AF78248320100084579E /* Sources */,
				4605AF79248320100084579E /* Frameworks */,
				4605AF7A248320100084579E /* Resources */,
			);
			buildRules = (
			);
			dependencies = (
				4605AF7E248320100084579E /* PBXTargetDependency */,
			);
			name = IOSExampleUITests;
			productName = IOSExampleUITests;
			productReference = 4605AF7C248320100084579E /* IOSExampleUITests.xctest */;
			productType = "com.apple.product-type.bundle.ui-testing";
		};
/* End PBXNativeTarget section */

/* Begin PBXProject section */
		4605AF502483200F0084579E /* Project object */ = {
			isa = PBXProject;
			attributes = {
				LastSwiftUpdateCheck = 1130;
				LastUpgradeCheck = 1130;
				ORGANIZATIONNAME = "Carlos Alba Gutierrez";
				TargetAttributes = {
					4605AF572483200F0084579E = {
						CreatedOnToolsVersion = 11.3.1;
					};
					4605AF70248320100084579E = {
						CreatedOnToolsVersion = 11.3.1;
						TestTargetID = 4605AF572483200F0084579E;
					};
					4605AF7B248320100084579E = {
						CreatedOnToolsVersion = 11.3.1;
						TestTargetID = 4605AF572483200F0084579E;
					};
				};
			};
			buildConfigurationList = 4605AF532483200F0084579E /* Build configuration list for PBXProject "IOSExample" */;
			compatibilityVersion = "Xcode 9.3";
			developmentRegion = en;
			hasScannedForEncodings = 0;
			knownRegions = (
				en,
				Base,
			);
			mainGroup = 4605AF4F2483200F0084579E;
			productRefGroup = 4605AF592483200F0084579E /* Products */;
			projectDirPath = "";
			projectRoot = "";
			targets = (
				4605AF572483200F0084579E /* IOSExample */,
				4605AF70248320100084579E /* IOSExampleTests */,
				4605AF7B248320100084579E /* IOSExampleUITests */,
			);
		};
/* End PBXProject section */

/* Begin PBXResourcesBuildPhase section */
		4605AF562483200F0084579E /* Resources */ = {
			isa = PBXResourcesBuildPhase;
			buildActionMask = 2147483647;
			files = (
				4605AF6B248320100084579E /* LaunchScreen.storyboard in Resources */,
				4605AF9524832E500084579E /* Colors.xcassets in Resources */,
				4605AF68248320100084579E /* Preview Assets.xcassets in Resources */,
				4605AF65248320100084579E /* Assets.xcassets in Resources */,
			);
			runOnlyForDeploymentPostprocessing = 0;
		};
		4605AF6F248320100084579E /* Resources */ = {
			isa = PBXResourcesBuildPhase;
			buildActionMask = 2147483647;
			files = (
			);
			runOnlyForDeploymentPostprocessing = 0;
		};
		4605AF7A248320100084579E /* Resources */ = {
			isa = PBXResourcesBuildPhase;
			buildActionMask = 2147483647;
			files = (
			);
			runOnlyForDeploymentPostprocessing = 0;
		};
/* End PBXResourcesBuildPhase section */

/* Begin PBXSourcesBuildPhase section */
		4605AF542483200F0084579E /* Sources */ = {
			isa = PBXSourcesBuildPhase;
			buildActionMask = 2147483647;
			files = (
				4605AF9924832F010084579E /* ColorManager.swift in Sources */,
				4605AF5C2483200F0084579E /* AppDelegate.swift in Sources */,
				4605AF93248324FD0084579E /* Cover.swift in Sources */,
				4605AF9B248342D60084579E /* SingleSongView.swift in Sources */,
				4605AF612483200F0084579E /* IOSExample.xcdatamodeld in Sources */,
				4605AF8F248321570084579E /* ImageLoader.swift in Sources */,
				4605AF632483200F0084579E /* ContentView.swift in Sources */,
				4605AF5E2483200F0084579E /* SceneDelegate.swift in Sources */,
			);
			runOnlyForDeploymentPostprocessing = 0;
		};
		4605AF6D248320100084579E /* Sources */ = {
			isa = PBXSourcesBuildPhase;
			buildActionMask = 2147483647;
			files = (
				4605AF76248320100084579E /* IOSExampleTests.swift in Sources */,
			);
			runOnlyForDeploymentPostprocessing = 0;
		};
		4605AF78248320100084579E /* Sources */ = {
			isa = PBXSourcesBuildPhase;
			buildActionMask = 2147483647;
			files = (
				4605AF81248320100084579E /* IOSExampleUITests.swift in Sources */,
			);
			runOnlyForDeploymentPostprocessing = 0;
		};
/* End PBXSourcesBuildPhase section */

/* Begin PBXTargetDependency section */
		4605AF73248320100084579E /* PBXTargetDependency */ = {
			isa = PBXTargetDependency;
			target = 4605AF572483200F0084579E /* IOSExample */;
			targetProxy = 4605AF72248320100084579E /* PBXContainerItemProxy */;
		};
		4605AF7E248320100084579E /* PBXTargetDependency */ = {
			isa = PBXTargetDependency;
			target = 4605AF572483200F0084579E /* IOSExample */;
			targetProxy = 4605AF7D248320100084579E /* PBXContainerItemProxy */;
		};
/* End PBXTargetDependency section */

/* Begin PBXVariantGroup section */
		4605AF69248320100084579E /* LaunchScreen.storyboard */ = {
			isa = PBXVariantGroup;
			children = (
				4605AF6A248320100084579E /* Base */,
			);
			name = LaunchScreen.storyboard;
			sourceTree = "<group>";
		};
/* End PBXVariantGroup section */

/* Begin XCBuildConfiguration section */
		4605AF83248320100084579E /* Debug */ = {
			isa = XCBuildConfiguration;
			buildSettings = {
				ALWAYS_SEARCH_USER_PATHS = NO;
				CLANG_ANALYZER_NONNULL = YES;
				CLANG_ANALYZER_NUMBER_OBJECT_CONVERSION = YES_AGGRESSIVE;
				CLANG_CXX_LANGUAGE_STANDARD = "gnu++14";
				CLANG_CXX_LIBRARY = "libc++";
				CLANG_ENABLE_MODULES = YES;
				CLANG_ENABLE_OBJC_ARC = YES;
				CLANG_ENABLE_OBJC_WEAK = YES;
				CLANG_WARN_BLOCK_CAPTURE_AUTORELEASING = YES;
				CLANG_WARN_BOOL_CONVERSION = YES;
				CLANG_WARN_COMMA = YES;
				CLANG_WARN_CONSTANT_CONVERSION = YES;
				CLANG_WARN_DEPRECATED_OBJC_IMPLEMENTATIONS = YES;
				CLANG_WARN_DIRECT_OBJC_ISA_USAGE = YES_ERROR;
				CLANG_WARN_DOCUMENTATION_COMMENTS = YES;
				CLANG_WARN_EMPTY_BODY = YES;
				CLANG_WARN_ENUM_CONVERSION = YES;
				CLANG_WARN_INFINITE_RECURSION = YES;
				CLANG_WARN_INT_CONVERSION = YES;
				CLANG_WARN_NON_LITERAL_NULL_CONVERSION = YES;
				CLANG_WARN_OBJC_IMPLICIT_RETAIN_SELF = YES;
				CLANG_WARN_OBJC_LITERAL_CONVERSION = YES;
				CLANG_WARN_OBJC_ROOT_CLASS = YES_ERROR;
				CLANG_WARN_RANGE_LOOP_ANALYSIS = YES;
				CLANG_WARN_STRICT_PROTOTYPES = YES;
				CLANG_WARN_SUSPICIOUS_MOVE = YES;
				CLANG_WARN_UNGUARDED_AVAILABILITY = YES_AGGRESSIVE;
				CLANG_WARN_UNREACHABLE_CODE = YES;
				CLANG_WARN__DUPLICATE_METHOD_MATCH = YES;
				COPY_PHASE_STRIP = NO;
				DEBUG_INFORMATION_FORMAT = dwarf;
				ENABLE_STRICT_OBJC_MSGSEND = YES;
				ENABLE_TESTABILITY = YES;
				GCC_C_LANGUAGE_STANDARD = gnu11;
				GCC_DYNAMIC_NO_PIC = NO;
				GCC_NO_COMMON_BLOCKS = YES;
				GCC_OPTIMIZATION_LEVEL = 0;
				GCC_PREPROCESSOR_DEFINITIONS = (
					"DEBUG=1",
					"$(inherited)",
				);
				GCC_WARN_64_TO_32_BIT_CONVERSION = YES;
				GCC_WARN_ABOUT_RETURN_TYPE = YES_ERROR;
				GCC_WARN_UNDECLARED_SELECTOR = YES;
				GCC_WARN_UNINITIALIZED_AUTOS = YES_AGGRESSIVE;
				GCC_WARN_UNUSED_FUNCTION = YES;
				GCC_WARN_UNUSED_VARIABLE = YES;
				IPHONEOS_DEPLOYMENT_TARGET = 13.2;
				MTL_ENABLE_DEBUG_INFO = INCLUDE_SOURCE;
				MTL_FAST_MATH = YES;
				ONLY_ACTIVE_ARCH = YES;
				SDKROOT = iphoneos;
				SWIFT_ACTIVE_COMPILATION_CONDITIONS = DEBUG;
				SWIFT_OPTIMIZATION_LEVEL = "-Onone";
			};
			name = Debug;
		};
		4605AF84248320100084579E /* Release */ = {
			isa = XCBuildConfiguration;
			buildSettings = {
				ALWAYS_SEARCH_USER_PATHS = NO;
				CLANG_ANALYZER_NONNULL = YES;
				CLANG_ANALYZER_NUMBER_OBJECT_CONVERSION = YES_AGGRESSIVE;
				CLANG_CXX_LANGUAGE_STANDARD = "gnu++14";
				CLANG_CXX_LIBRARY = "libc++";
				CLANG_ENABLE_MODULES = YES;
				CLANG_ENABLE_OBJC_ARC = YES;
				CLANG_ENABLE_OBJC_WEAK = YES;
				CLANG_WARN_BLOCK_CAPTURE_AUTORELEASING = YES;
				CLANG_WARN_BOOL_CONVERSION = YES;
				CLANG_WARN_COMMA = YES;
				CLANG_WARN_CONSTANT_CONVERSION = YES;
				CLANG_WARN_DEPRECATED_OBJC_IMPLEMENTATIONS = YES;
				CLANG_WARN_DIRECT_OBJC_ISA_USAGE = YES_ERROR;
				CLANG_WARN_DOCUMENTATION_COMMENTS = YES;
				CLANG_WARN_EMPTY_BODY = YES;
				CLANG_WARN_ENUM_CONVERSION = YES;
				CLANG_WARN_INFINITE_RECURSION = YES;
				CLANG_WARN_INT_CONVERSION = YES;
				CLANG_WARN_NON_LITERAL_NULL_CONVERSION = YES;
				CLANG_WARN_OBJC_IMPLICIT_RETAIN_SELF = YES;
				CLANG_WARN_OBJC_LITERAL_CONVERSION = YES;
				CLANG_WARN_OBJC_ROOT_CLASS = YES_ERROR;
				CLANG_WARN_RANGE_LOOP_ANALYSIS = YES;
				CLANG_WARN_STRICT_PROTOTYPES = YES;
				CLANG_WARN_SUSPICIOUS_MOVE = YES;
				CLANG_WARN_UNGUARDED_AVAILABILITY = YES_AGGRESSIVE;
				CLANG_WARN_UNREACHABLE_CODE = YES;
				CLANG_WARN__DUPLICATE_METHOD_MATCH = YES;
				COPY_PHASE_STRIP = NO;
				DEBUG_INFORMATION_FORMAT = "dwarf-with-dsym";
				ENABLE_NS_ASSERTIONS = NO;
				ENABLE_STRICT_OBJC_MSGSEND = YES;
				GCC_C_LANGUAGE_STANDARD = gnu11;
				GCC_NO_COMMON_BLOCKS = YES;
				GCC_WARN_64_TO_32_BIT_CONVERSION = YES;
				GCC_WARN_ABOUT_RETURN_TYPE = YES_ERROR;
				GCC_WARN_UNDECLARED_SELECTOR = YES;
				GCC_WARN_UNINITIALIZED_AUTOS = YES_AGGRESSIVE;
				GCC_WARN_UNUSED_FUNCTION = YES;
				GCC_WARN_UNUSED_VARIABLE = YES;
				IPHONEOS_DEPLOYMENT_TARGET = 13.2;
				MTL_ENABLE_DEBUG_INFO = NO;
				MTL_FAST_MATH = YES;
				SDKROOT = iphoneos;
				SWIFT_COMPILATION_MODE = wholemodule;
				SWIFT_OPTIMIZATION_LEVEL = "-O";
				VALIDATE_PRODUCT = YES;
			};
			name = Release;
		};
		4605AF86248320100084579E /* Debug */ = {
			isa = XCBuildConfiguration;
			buildSettings = {
				ASSETCATALOG_COMPILER_APPICON_NAME = AppIcon;
				CODE_SIGN_STYLE = Automatic;
				DEVELOPMENT_ASSET_PATHS = "\"IOSExample/Preview Content\"";
				ENABLE_PREVIEWS = YES;
				INFOPLIST_FILE = IOSExample/Info.plist;
				LD_RUNPATH_SEARCH_PATHS = (
					"$(inherited)",
					"@executable_path/Frameworks",
				);
				PRODUCT_BUNDLE_IDENTIFIER = us.carlosalba.IOSExample;
				PRODUCT_NAME = "$(TARGET_NAME)";
				SWIFT_VERSION = 5.0;
				TARGETED_DEVICE_FAMILY = "1,2";
			};
			name = Debug;
		};
		4605AF87248320100084579E /* Release */ = {
			isa = XCBuildConfiguration;
			buildSettings = {
				ASSETCATALOG_COMPILER_APPICON_NAME = AppIcon;
				CODE_SIGN_STYLE = Automatic;
				DEVELOPMENT_ASSET_PATHS = "\"IOSExample/Preview Content\"";
				ENABLE_PREVIEWS = YES;
				INFOPLIST_FILE = IOSExample/Info.plist;
				LD_RUNPATH_SEARCH_PATHS = (
					"$(inherited)",
					"@executable_path/Frameworks",
				);
				PRODUCT_BUNDLE_IDENTIFIER = us.carlosalba.IOSExample;
				PRODUCT_NAME = "$(TARGET_NAME)";
				SWIFT_VERSION = 5.0;
				TARGETED_DEVICE_FAMILY = "1,2";
			};
			name = Release;
		};
		4605AF89248320100084579E /* Debug */ = {
			isa = XCBuildConfiguration;
			buildSettings = {
				ALWAYS_EMBED_SWIFT_STANDARD_LIBRARIES = YES;
				BUNDLE_LOADER = "$(TEST_HOST)";
				CODE_SIGN_STYLE = Automatic;
				INFOPLIST_FILE = IOSExampleTests/Info.plist;
				IPHONEOS_DEPLOYMENT_TARGET = 13.2;
				LD_RUNPATH_SEARCH_PATHS = (
					"$(inherited)",
					"@executable_path/Frameworks",
					"@loader_path/Frameworks",
				);
				PRODUCT_BUNDLE_IDENTIFIER = us.carlosalba.IOSExampleTests;
				PRODUCT_NAME = "$(TARGET_NAME)";
				SWIFT_VERSION = 5.0;
				TARGETED_DEVICE_FAMILY = "1,2";
				TEST_HOST = "$(BUILT_PRODUCTS_DIR)/IOSExample.app/IOSExample";
			};
			name = Debug;
		};
		4605AF8A248320100084579E /* Release */ = {
			isa = XCBuildConfiguration;
			buildSettings = {
				ALWAYS_EMBED_SWIFT_STANDARD_LIBRARIES = YES;
				BUNDLE_LOADER = "$(TEST_HOST)";
				CODE_SIGN_STYLE = Automatic;
				INFOPLIST_FILE = IOSExampleTests/Info.plist;
				IPHONEOS_DEPLOYMENT_TARGET = 13.2;
				LD_RUNPATH_SEARCH_PATHS = (
					"$(inherited)",
					"@executable_path/Frameworks",
					"@loader_path/Frameworks",
				);
				PRODUCT_BUNDLE_IDENTIFIER = us.carlosalba.IOSExampleTests;
				PRODUCT_NAME = "$(TARGET_NAME)";
				SWIFT_VERSION = 5.0;
				TARGETED_DEVICE_FAMILY = "1,2";
				TEST_HOST = "$(BUILT_PRODUCTS_DIR)/IOSExample.app/IOSExample";
			};
			name = Release;
		};
		4605AF8C248320100084579E /* Debug */ = {
			isa = XCBuildConfiguration;
			buildSettings = {
				ALWAYS_EMBED_SWIFT_STANDARD_LIBRARIES = YES;
				CODE_SIGN_STYLE = Automatic;
				INFOPLIST_FILE = IOSExampleUITests/Info.plist;
				LD_RUNPATH_SEARCH_PATHS = (
					"$(inherited)",
					"@executable_path/Frameworks",
					"@loader_path/Frameworks",
				);
				PRODUCT_BUNDLE_IDENTIFIER = us.carlosalba.IOSExampleUITests;
				PRODUCT_NAME = "$(TARGET_NAME)";
				SWIFT_VERSION = 5.0;
				TARGETED_DEVICE_FAMILY = "1,2";
				TEST_TARGET_NAME = IOSExample;
			};
			name = Debug;
		};
		4605AF8D248320100084579E /* Release */ = {
			isa = XCBuildConfiguration;
			buildSettings = {
				ALWAYS_EMBED_SWIFT_STANDARD_LIBRARIES = YES;
				CODE_SIGN_STYLE = Automatic;
				INFOPLIST_FILE = IOSExampleUITests/Info.plist;
				LD_RUNPATH_SEARCH_PATHS = (
					"$(inherited)",
					"@executable_path/Frameworks",
					"@loader_path/Frameworks",
				);
				PRODUCT_BUNDLE_IDENTIFIER = us.carlosalba.IOSExampleUITests;
				PRODUCT_NAME = "$(TARGET_NAME)";
				SWIFT_VERSION = 5.0;
				TARGETED_DEVICE_FAMILY = "1,2";
				TEST_TARGET_NAME = IOSExample;
			};
			name = Release;
		};
/* End XCBuildConfiguration section */

/* Begin XCConfigurationList section */
		4605AF532483200F0084579E /* Build configuration list for PBXProject "IOSExample" */ = {
			isa = XCConfigurationList;
			buildConfigurations = (
				4605AF83248320100084579E /* Debug */,
				4605AF84248320100084579E /* Release */,
			);
			defaultConfigurationIsVisible = 0;
			defaultConfigurationName = Release;
		};
		4605AF85248320100084579E /* Build configuration list for PBXNativeTarget "IOSExample" */ = {
			isa = XCConfigurationList;
			buildConfigurations = (
				4605AF86248320100084579E /* Debug */,
				4605AF87248320100084579E /* Release */,
			);
			defaultConfigurationIsVisible = 0;
			defaultConfigurationName = Release;
		};
		4605AF88248320100084579E /* Build configuration list for PBXNativeTarget "IOSExampleTests" */ = {
			isa = XCConfigurationList;
			buildConfigurations = (
				4605AF89248320100084579E /* Debug */,
				4605AF8A248320100084579E /* Release */,
			);
			defaultConfigurationIsVisible = 0;
			defaultConfigurationName = Release;
		};
		4605AF8B248320100084579E /* Build configuration list for PBXNativeTarget "IOSExampleUITests" */ = {
			isa = XCConfigurationList;
			buildConfigurations = (
				4605AF8C248320100084579E /* Debug */,
				4605AF8D248320100084579E /* Release */,
			);
			defaultConfigurationIsVisible = 0;
			defaultConfigurationName = Release;
		};
/* End XCConfigurationList section */

/* Begin XCVersionGroup section */
		4605AF5F2483200F0084579E /* IOSExample.xcdatamodeld */ = {
			isa = XCVersionGroup;
			children = (
				4605AF602483200F0084579E /* IOSExample.xcdatamodel */,
			);
			currentVersion = 4605AF602483200F0084579E /* IOSExample.xcdatamodel */;
			path = IOSExample.xcdatamodeld;
			sourceTree = "<group>";
			versionGroupType = wrapper.xcdatamodel;
		};
/* End XCVersionGroup section */
	};
	rootObject = 4605AF502483200F0084579E /* Project object */;
}
